
Microsoft Visual Studio Solution File, Format Version 12.00
# Visual Studio Version 17
VisualStudioVersion = 17.2.32616.157
MinimumVisualStudioVersion = 10.0.40219.1
Project("{FAE04EC0-301F-11D3-BF4B-00C04F79EFBC}") = "JGP.Members.Api", "JGP.Members.Api\JGP.Members.Api.csproj", "{BE04ED6A-5317-4780-87F3-3F4132DD387B}"
EndProject
Project("{FAE04EC0-301F-11D3-BF4B-00C04F79EFBC}") = "JGP.Members.Core", "JGP.Members.Core\JGP.Members.Core.csproj", "{1D23F84C-6232-4BAF-B378-3747E4E3E919}"
EndProject
Project("{FAE04EC0-301F-11D3-BF4B-00C04F79EFBC}") = "JGP.Members.Data.EntityFramework", "JGP.Members.Data.EntityFramework\JGP.Members.Data.EntityFramework.csproj", "{5272DC43-9DF9-44ED-AE73-196B8279FDE0}"
EndProject
Project("{FAE04EC0-301F-11D3-BF4B-00C04F79EFBC}") = "JGP.Members.Services", "JGP.Members.Services\JGP.Members.Services.csproj", "{AF3A2FBD-5299-4A4B-900E-0BA39D3BDFFD}"
EndProject
Project("{FAE04EC0-301F-11D3-BF4B-00C04F79EFBC}") = "JGP.Members.Web.Models", "JGP.Members.Web.Models\JGP.Members.Web.Models.csproj", "{74A87FA1-0187-44E1-ABD9-04B79C284CFC}"
EndProject
Project("{FAE04EC0-301F-11D3-BF4B-00C04F79EFBC}") = "JGP.Members.Web.Proxy", "JGP.Members.Web.Proxy\JGP.Members.Web.Proxy.csproj", "{50838C0C-3695-4686-BC24-9947355071C4}"
EndProject
Global
	GlobalSection(SolutionConfigurationPlatforms) = preSolution
		Debug|Any CPU = Debug|Any CPU
		Release|Any CPU = Release|Any CPU
	EndGlobalSection
	GlobalSection(ProjectConfigurationPlatforms) = postSolution
		{BE04ED6A-5317-4780-87F3-3F4132DD387B}.Debug|Any CPU.ActiveCfg = Debug|Any CPU
		{BE04ED6A-5317-4780-87F3-3F4132DD387B}.Debug|Any CPU.Build.0 = Debug|Any CPU
		{BE04ED6A-5317-4780-87F3-3F4132DD387B}.Release|Any CPU.ActiveCfg = Release|Any CPU
		{BE04ED6A-5317-4780-87F3-3F4132DD387B}.Release|Any CPU.Build.0 = Release|Any CPU
		{1D23F84C-6232-4BAF-B378-3747E4E3E919}.Debug|Any CPU.ActiveCfg = Debug|Any CPU
		{1D23F84C-6232-4BAF-B378-3747E4E3E919}.Debug|Any CPU.Build.0 = Debug|Any CPU
		{1D23F84C-6232-4BAF-B378-3747E4E3E919}.Release|Any CPU.ActiveCfg = Release|Any CPU
		{1D23F84C-6232-4BAF-B378-3747E4E3E919}.Release|Any CPU.Build.0 = Release|Any CPU
		{5272DC43-9DF9-44ED-AE73-196B8279FDE0}.Debug|Any CPU.ActiveCfg = Debug|Any CPU
		{5272DC43-9DF9-44ED-AE73-196B8279FDE0}.Debug|Any CPU.Build.0 = Debug|Any CPU
		{5272DC43-9DF9-44ED-AE73-196B8279FDE0}.Release|Any CPU.ActiveCfg = Release|Any CPU
		{5272DC43-9DF9-44ED-AE73-196B8279FDE0}.Release|Any CPU.Build.0 = Release|Any CPU
		{AF3A2FBD-5299-4A4B-900E-0BA39D3BDFFD}.Debug|Any CPU.ActiveCfg = Debug|Any CPU
		{AF3A2FBD-5299-4A4B-900E-0BA39D3BDFFD}.Debug|Any CPU.Build.0 = Debug|Any CPU
		{AF3A2FBD-5299-4A4B-900E-0BA39D3BDFFD}.Release|Any CPU.ActiveCfg = Release|Any CPU
		{AF3A2FBD-5299-4A4B-900E-0BA39D3BDFFD}.Release|Any CPU.Build.0 = Release|Any CPU
		{74A87FA1-0187-44E1-ABD9-04B79C284CFC}.Debug|Any CPU.ActiveCfg = Debug|Any CPU
		{74A87FA1-0187-44E1-ABD9-04B79C284CFC}.Debug|Any CPU.Build.0 = Debug|Any CPU
		{74A87FA1-0187-44E1-ABD9-04B79C284CFC}.Release|Any CPU.ActiveCfg = Release|Any CPU
		{74A87FA1-0187-44E1-ABD9-04B79C284CFC}.Release|Any CPU.Build.0 = Release|Any CPU
		{50838C0C-3695-4686-BC24-9947355071C4}.Debug|Any CPU.ActiveCfg = Debug|Any CPU
		{50838C0C-3695-4686-BC24-9947355071C4}.Debug|Any CPU.Build.0 = Debug|Any CPU
		{50838C0C-3695-4686-BC24-9947355071C4}.Release|Any CPU.ActiveCfg = Release|Any CPU
		{50838C0C-3695-4686-BC24-9947355071C4}.Release|Any CPU.Build.0 = Release|Any CPU
	EndGlobalSection
	GlobalSection(SolutionProperties) = preSolution
		HideSolutionNode = FALSE
	EndGlobalSection
	GlobalSection(ExtensibilityGlobals) = postSolution
		SolutionGuid = {8AC5BABA-583A-4763-953F-7782D8117F54}
	EndGlobalSection
EndGlobal
